
Microsoft Visual Studio Solution File, Format Version 12.00
# Visual Studio Version 17
VisualStudioVersion = 17.6.33829.357
MinimumVisualStudioVersion = 10.0.40219.1
Project("{9A19103F-16F7-4668-BE54-9A1E7A4F7556}") = "PotatoUtils.GhostArchiver.Core", "PotatoUtils.GhostArchiver.Core\PotatoUtils.GhostArchiver.Core.csproj", "{C5E07865-2C7D-4345-847B-D975DE8CF47B}"
EndProject
Project("{9A19103F-16F7-4668-BE54-9A1E7A4F7556}") = "PotatoUtils.GhostArchiver.App", "PotatoUtils.GhostArchiver.App\PotatoUtils.GhostArchiver.App.csproj", "{770E8E87-0BB4-4F75-BE78-0CAD20FC648F}"
EndProject
Project("{2150E333-8FDC-42A3-9474-1A3956D46DE8}") = "build", "build", "{D885BC81-D1FD-4EF6-BB5E-922B88F4E0B9}"
EndProject
Project("{2150E333-8FDC-42A3-9474-1A3956D46DE8}") = "GhostArchiver", "GhostArchiver", "{7E918AB0-CC02-4D71-B7A9-8BB56E746FEB}"
EndProject
Global
	GlobalSection(SolutionConfigurationPlatforms) = preSolution
		Debug|Any CPU = Debug|Any CPU
		Release|Any CPU = Release|Any CPU
	EndGlobalSection
	GlobalSection(ProjectConfigurationPlatforms) = postSolution
		{C5E07865-2C7D-4345-847B-D975DE8CF47B}.Debug|Any CPU.ActiveCfg = Debug|Any CPU
		{C5E07865-2C7D-4345-847B-D975DE8CF47B}.Debug|Any CPU.Build.0 = Debug|Any CPU
		{C5E07865-2C7D-4345-847B-D975DE8CF47B}.Release|Any CPU.ActiveCfg = Release|Any CPU
		{C5E07865-2C7D-4345-847B-D975DE8CF47B}.Release|Any CPU.Build.0 = Release|Any CPU
		{770E8E87-0BB4-4F75-BE78-0CAD20FC648F}.Debug|Any CPU.ActiveCfg = Debug|Any CPU
		{770E8E87-0BB4-4F75-BE78-0CAD20FC648F}.Debug|Any CPU.Build.0 = Debug|Any CPU
		{770E8E87-0BB4-4F75-BE78-0CAD20FC648F}.Release|Any CPU.ActiveCfg = Release|Any CPU
		{770E8E87-0BB4-4F75-BE78-0CAD20FC648F}.Release|Any CPU.Build.0 = Release|Any CPU
	EndGlobalSection
	GlobalSection(SolutionProperties) = preSolution
		HideSolutionNode = FALSE
	EndGlobalSection
	GlobalSection(NestedProjects) = preSolution
		{7E918AB0-CC02-4D71-B7A9-8BB56E746FEB} = {D885BC81-D1FD-4EF6-BB5E-922B88F4E0B9}
	EndGlobalSection
	GlobalSection(ExtensibilityGlobals) = postSolution
		SolutionGuid = {15BF68C4-4823-40B3-BE93-4E4F88636812}
	EndGlobalSection
EndGlobal
